
Microsoft Visual Studio Solution File, Format Version 12.00
# Visual Studio Version 16
VisualStudioVersion = 16.0.31005.135
MinimumVisualStudioVersion = 10.0.40219.1
Project("{9A19103F-16F7-4668-BE54-9A1E7A4F7556}") = "ConsoleApp.EF", "ConsoleApp.EF\ConsoleApp.EF.csproj", "{CBEAF8D0-680D-456A-B09E-5452FD9F7A40}"
EndProject
Project("{FAE04EC0-301F-11D3-BF4B-00C04F79EFBC}") = "ConsoleApp.EF.Npgsql", "ConsoleApp.EF.Npgsql\ConsoleApp.EF.Npgsql.csproj", "{1615224E-E099-403D-A724-8636250D3A85}"
EndProject
Global
	GlobalSection(SolutionConfigurationPlatforms) = preSolution
		Debug|Any CPU = Debug|Any CPU
		Release|Any CPU = Release|Any CPU
	EndGlobalSection
	GlobalSection(ProjectConfigurationPlatforms) = postSolution
		{CBEAF8D0-680D-456A-B09E-5452FD9F7A40}.Debug|Any CPU.ActiveCfg = Debug|Any CPU
		{CBEAF8D0-680D-456A-B09E-5452FD9F7A40}.Debug|Any CPU.Build.0 = Debug|Any CPU
		{CBEAF8D0-680D-456A-B09E-5452FD9F7A40}.Release|Any CPU.ActiveCfg = Release|Any CPU
		{CBEAF8D0-680D-456A-B09E-5452FD9F7A40}.Release|Any CPU.Build.0 = Release|Any CPU
		{1615224E-E099-403D-A724-8636250D3A85}.Debug|Any CPU.ActiveCfg = Debug|Any CPU
		{1615224E-E099-403D-A724-8636250D3A85}.Debug|Any CPU.Build.0 = Debug|Any CPU
		{1615224E-E099-403D-A724-8636250D3A85}.Release|Any CPU.ActiveCfg = Release|Any CPU
		{1615224E-E099-403D-A724-8636250D3A85}.Release|Any CPU.Build.0 = Release|Any CPU
	EndGlobalSection
	GlobalSection(SolutionProperties) = preSolution
		HideSolutionNode = FALSE
	EndGlobalSection
	GlobalSection(ExtensibilityGlobals) = postSolution
		SolutionGuid = {706EA028-4430-4F39-B0A4-5CDD6BD6FDE7}
	EndGlobalSection
EndGlobal
